<Solution>
  <!--#if (IncludeAnalyzers) -->
  <Folder Name="/CodeAnalysis/">
    <Project Path="CodeAnalysis/RenameMe.CodeAnalysis.Tests/RenameMe.CodeAnalysis.Tests.csproj" />
    <Project Path="CodeAnalysis/RenameMe.CodeAnalysis/RenameMe.CodeAnalysis.csproj" />
  </Folder>
  <!--#endif -->
  <Folder Name="/src/">
    <Project Path="src/RenameMe/RenameMe.csproj" />
  </Folder>
</Solution>
